
Microsoft Visual Studio Solution File, Format Version 12.00
# Visual Studio Version 16
VisualStudioVersion = 16.0.35229.62
MinimumVisualStudioVersion = 10.0.40219.1
Project("{FAE04EC0-301F-11D3-BF4B-00C04F79EFBC}") = "MyShop.Backend", "MyShop.Backend\MyShop.Backend.csproj", "{5D912843-D654-483B-BDE3-A3A896623537}"
EndProject
Global
	GlobalSection(SolutionConfigurationPlatforms) = preSolution
		Debug|Any CPU = Debug|Any CPU
		Release|Any CPU = Release|Any CPU
	EndGlobalSection
	GlobalSection(ProjectConfigurationPlatforms) = postSolution
		{5D912843-D654-483B-BDE3-A3A896623537}.Debug|Any CPU.ActiveCfg = Debug|Any CPU
		{5D912843-D654-483B-BDE3-A3A896623537}.Debug|Any CPU.Build.0 = Debug|Any CPU
		{5D912843-D654-483B-BDE3-A3A896623537}.Release|Any CPU.ActiveCfg = Release|Any CPU
		{5D912843-D654-483B-BDE3-A3A896623537}.Release|Any CPU.Build.0 = Release|Any CPU
	EndGlobalSection
	GlobalSection(SolutionProperties) = preSolution
		HideSolutionNode = FALSE
	EndGlobalSection
	GlobalSection(ExtensibilityGlobals) = postSolution
		SolutionGuid = {740AB054-E6A9-4220-A70C-2273CDFDD4C4}
	EndGlobalSection
EndGlobal
